PODS:
  - Alamofire (5.6.4)
  - Kingfisher (7.6.2)
  - PinLayout (1.10.3)

DEPENDENCIES:
  - Alamofire
  - Kingfisher
  - PinLayout

SPEC REPOS:
  trunk:
    - Alamofire
    - Kingfisher
    - PinLayout

SPEC CHECKSUMS:
  Alamofire: 4e95d97098eacb88856099c4fc79b526a299e48c
  Kingfisher: 6c5449c6450c5239166510ba04afe374a98afc4f
  PinLayout: 0090ccbf29ae69af6ae5a15eaeaf27ed7b2c4d83

PODFILE CHECKSUM: a567c4c294e900b6c369b76d5455c484d3a3e5ef

COCOAPODS: 1.12.0
